<?xml version="1.0" encoding="utf-8"?>
<Project ToolsVersion="4.0" xmlns="http://schemas.microsoft.com/developer/msbuild/2003">
  <ItemGroup>
    <Filter Include="Исходные файлы">
      <UniqueIdentifier>{4FC737F1-C7A5-4376-A066-2A32D752A2FF}</UniqueIdentifier>
      <Extensions>cpp;c;cc;cxx;c++;cppm;ixx;def;odl;idl;hpj;bat;asm;asmx</Extensions>
    </Filter>
    <Filter Include="Файлы заголовков">
      <UniqueIdentifier>{93995380-89BD-4b04-88EB-625FBE52EBFB}</UniqueIdentifier>
      <Extensions>h;hh;hpp;hxx;h++;hm;inl;inc;ipp;xsd</Extensions>
    </Filter>
    <Filter Include="Файлы ресурсов">
      <UniqueIdentifier>{67DA6AB6-F800-4c08-8B7A-83BB121AAD01}</UniqueIdentifier>
      <Extensions>rc;ico;cur;bmp;dlg;rc2;rct;bin;rgs;gif;jpg;jpeg;jpe;resx;tiff;tif;png;wav;mfcribbon-ms</Extensions>
    </Filter>
    <Filter Include="Исходные файлы\_docx_documents">
      <UniqueIdentifier>{d21b9c56-57ba-4d97-8075-60ffc865af4b}</UniqueIdentifier>
    </Filter>
    <Filter Include="Картинки">
      <UniqueIdentifier>{07c3de80-4011-4b91-81af-19b08b19de38}</UniqueIdentifier>
    </Filter>
    <Filter Include="Примеры">
      <UniqueIdentifier>{efd9cc6b-30f0-4c0e-b73a-ecdfc5587eab}</UniqueIdentifier>
    </Filter>
  </ItemGroup>
  <ItemGroup>
    <ClCompile Include="cpp_rewriting_SPBGU.cpp">
      <Filter>Исходные файлы</Filter>
    </ClCompile>
    <ClCompile Include="_cpp_realisation_file\complex.cpp">
      <Filter>Файлы ресурсов</Filter>
    </ClCompile>
    <ClCompile Include="_cpp_realisation_file\complex_number.cpp">
      <Filter>Файлы ресурсов</Filter>
    </ClCompile>
    <ClCompile Include="_cpp_realisation_file\fraction.cpp">
      <Filter>Файлы ресурсов</Filter>
    </ClCompile>
    <ClCompile Include="_cpp_realisation_file\Matrix.cpp">
      <Filter>Файлы ресурсов</Filter>
    </ClCompile>
    <ClCompile Include="_cpp_realisation_file\polynomial.cpp">
      <Filter>Файлы ресурсов</Filter>
    </ClCompile>
    <ClCompile Include="_cpp_realisation_file\integral.cpp">
      <Filter>Файлы ресурсов</Filter>
    </ClCompile>
    <ClCompile Include="example\sem_3.cpp">
      <Filter>Примеры</Filter>
    </ClCompile>
    <ClCompile Include="example\sem_4.cpp">
      <Filter>Примеры</Filter>
    </ClCompile>
  </ItemGroup>
  <ItemGroup>
    <None Include="cpp.hint" />
    <None Include="document_h\_main_func_file.docx">
      <Filter>Исходные файлы\_docx_documents</Filter>
    </None>
    <None Include="document_h\fraction_h.docx">
      <Filter>Исходные файлы\_docx_documents</Filter>
    </None>
    <None Include="document_h\matrix_h.docx">
      <Filter>Исходные файлы\_docx_documents</Filter>
    </None>
    <None Include="document_h\polynomial_h.docx">
      <Filter>Исходные файлы\_docx_documents</Filter>
    </None>
    <None Include="documents\document_cpp\fraction_cpp.docx">
      <Filter>Исходные файлы\_docx_documents</Filter>
    </None>
    <None Include="documents\document_cpp\matrix_cpp.docx">
      <Filter>Исходные файлы\_docx_documents</Filter>
    </None>
    <None Include="documents\document_cpp\polynomial_cpp.docx">
      <Filter>Исходные файлы\_docx_documents</Filter>
    </None>
    <None Include="documents\document_cpp\tests_cpp.docx">
      <Filter>Исходные файлы\_docx_documents</Filter>
    </None>
    <None Include="cpp_rewriting_SPBGU.runsettings" />
    <None Include="README.md">
      <Filter>Исходные файлы</Filter>
    </None>
    <None Include="documents\naming.md">
      <Filter>Исходные файлы</Filter>
    </None>
  </ItemGroup>
  <ItemGroup>
    <ClInclude Include="file_h\polynomial.h">
      <Filter>Файлы заголовков</Filter>
    </ClInclude>
    <ClInclude Include="file_h\complex.h">
      <Filter>Файлы заголовков</Filter>
    </ClInclude>
    <ClInclude Include="file_h\fraction.h">
      <Filter>Файлы заголовков</Filter>
    </ClInclude>
    <ClInclude Include="file_h\matrix.h">
      <Filter>Файлы заголовков</Filter>
    </ClInclude>
    <ClInclude Include="file_h\counting_methods_2.h">
      <Filter>Файлы заголовков</Filter>
    </ClInclude>
    <ClInclude Include="file_h\Array_xy_To_.h">
      <Filter>Файлы заголовков</Filter>
    </ClInclude>
    <ClInclude Include="file_h\counting_methods_1.h">
      <Filter>Файлы заголовков</Filter>
    </ClInclude>
    <ClInclude Include="file_h\Spline.h">
      <Filter>Файлы заголовков</Filter>
    </ClInclude>
    <ClInclude Include="file_h\eigenvalues.h">
      <Filter>Файлы заголовков</Filter>
    </ClInclude>
    <ClInclude Include="file_h\integral.h">
      <Filter>Файлы заголовков</Filter>
    </ClInclude>
    <ClInclude Include="file_h\project_libraries.h">
      <Filter>Файлы заголовков</Filter>
    </ClInclude>
    <ClInclude Include="file_h\project_libraries.h">
      <Filter>Файлы заголовков</Filter>
    </ClInclude>
    <ClInclude Include="file_h\calc_computing_f.h">
      <Filter>Файлы заголовков</Filter>
    </ClInclude>
    <ClInclude Include="file_h\defferencial_equation.h">
      <Filter>Файлы заголовков</Filter>
    </ClInclude>
    <ClInclude Include="file_h\aproximate.h">
      <Filter>Файлы заголовков</Filter>
    </ClInclude>
  </ItemGroup>
  <ItemGroup>
    <Image Include="image\abs_diff_spline(3,2) and nuton polynom.bmp">
      <Filter>Картинки</Filter>
    </Image>
    <Image Include="image\least_squares-blue, black is showing function, with data-green dots.bmp">
      <Filter>Картинки</Filter>
    </Image>
    <Image Include="image\spline(3,2)-blue,nuton-cian  in left border.bmp">
      <Filter>Картинки</Filter>
    </Image>
  </ItemGroup>
</Project>